
Microsoft Visual Studio Solution File, Format Version 12.00
# Visual Studio Version 17
VisualStudioVersion = 17.7.34031.279
MinimumVisualStudioVersion = 10.0.40219.1
Project("{FAE04EC0-301F-11D3-BF4B-00C04F79EFBC}") = "Animals", "Animals\Animals.csproj", "{94030A0C-CD3E-4A43-B997-B0BCCDF673FC}"
EndProject
Global
	GlobalSection(SolutionConfigurationPlatforms) = preSolution
		Debug|Any CPU = Debug|Any CPU
		Release|Any CPU = Release|Any CPU
	EndGlobalSection
	GlobalSection(ProjectConfigurationPlatforms) = postSolution
		{94030A0C-CD3E-4A43-B997-B0BCCDF673FC}.Debug|Any CPU.ActiveCfg = Debug|Any CPU
		{94030A0C-CD3E-4A43-B997-B0BCCDF673FC}.Debug|Any CPU.Build.0 = Debug|Any CPU
		{94030A0C-CD3E-4A43-B997-B0BCCDF673FC}.Release|Any CPU.ActiveCfg = Release|Any CPU
		{94030A0C-CD3E-4A43-B997-B0BCCDF673FC}.Release|Any CPU.Build.0 = Release|Any CPU
	EndGlobalSection
	GlobalSection(SolutionProperties) = preSolution
		HideSolutionNode = FALSE
	EndGlobalSection
	GlobalSection(ExtensibilityGlobals) = postSolution
		SolutionGuid = {9A1E7DA2-B4B4-4399-A4B2-D5CE4741B3AA}
	EndGlobalSection
EndGlobal
